// !$*UTF8*$!
{
	archiveVersion = 1;
	classes = {
	};
	objectVersion = 77;
	objects = {

/* Begin PBXContainerItemProxy section */
		DC2CF8FB2CF582AB00D4A7EB /* PBXContainerItemProxy */ = {
			isa = PBXContainerItemProxy;
			containerPortal = DC2CF8E22CF582AA00D4A7EB /* Project object */;
			proxyType = 1;
			remoteGlobalIDString = DC2CF8E92CF582AA00D4A7EB;
			remoteInfo = BreakSchedule3;
		};
		DC2CF9052CF582AB00D4A7EB /* PBXContainerItemProxy */ = {
			isa = PBXContainerItemProxy;
			containerPortal = DC2CF8E22CF582AA00D4A7EB /* Project object */;
			proxyType = 1;
			remoteGlobalIDString = DC2CF8E92CF582AA00D4A7EB;
			remoteInfo = BreakSchedule3;
		};
/* End PBXContainerItemProxy section */

/* Begin PBXFileReference section */
		DC2CF8EA2CF582AA00D4A7EB /* BreakSchedule3.app */ = {isa = PBXFileReference; explicitFileType = wrapper.application; includeInIndex = 0; path = BreakSchedule3.app; sourceTree = BUILT_PRODUCTS_DIR; };
		DC2CF8FA2CF582AB00D4A7EB /* BreakSchedule3Tests.xctest */ = {isa = PBXFileReference; explicitFileType = wrapper.cfbundle; includeInIndex = 0; path = BreakSchedule3Tests.xctest; sourceTree = BUILT_PRODUCTS_DIR; };
		DC2CF9042CF582AB00D4A7EB /* BreakSchedule3UITests.xctest */ = {isa = PBXFileReference; explicitFileType = wrapper.cfbundle; includeInIndex = 0; path = BreakSchedule3UITests.xctest; sourceTree = BUILT_PRODUCTS_DIR; };
/* End PBXFileReference section */

/* Begin PBXFileSystemSynchronizedRootGroup section */
		DC2CF8EC2CF582AA00D4A7EB /* BreakSchedule3 */ = {
			isa = PBXFileSystemSynchronizedRootGroup;
			path = BreakSchedule3;
			sourceTree = "<group>";
		};
		DC2CF8FD2CF582AB00D4A7EB /* BreakSchedule3Tests */ = {
			isa = PBXFileSystemSynchronizedRootGroup;
			path = BreakSchedule3Tests;
			sourceTree = "<group>";
		};
		DC2CF9072CF582AB00D4A7EB /* BreakSchedule3UITests */ = {
			isa = PBXFileSystemSynchronizedRootGroup;
			path = BreakSchedule3UITests;
			sourceTree = "<group>";
		};
/* End PBXFileSystemSynchronizedRootGroup section */

/* Begin PBXFrameworksBuildPhase section */
		DC2CF8E72CF582AA00D4A7EB /* Frameworks */ = {
			isa = PBXFrameworksBuildPhase;
			buildActionMask = 2147483647;
			files = (
			);
			runOnlyForDeploymentPostprocessing = 0;
		};
		DC2CF8F72CF582AB00D4A7EB /* Frameworks */ = {
			isa = PBXFrameworksBuildPhase;
			buildActionMask = 2147483647;
			files = (
			);
			runOnlyForDeploymentPostprocessing = 0;
		};
		DC2CF9012CF582AB00D4A7EB /* Frameworks */ = {
			isa = PBXFrameworksBuildPhase;
			buildActionMask = 2147483647;
			files = (
			);
			runOnlyForDeploymentPostprocessing = 0;
		};
/* End PBXFrameworksBuildPhase section */

/* Begin PBXGroup section */
		DC2CF8E12CF582AA00D4A7EB = {
			isa = PBXGroup;
			children = (
				DC2CF8EC2CF582AA00D4A7EB /* BreakSchedule3 */,
				DC2CF8FD2CF582AB00D4A7EB /* BreakSchedule3Tests */,
				DC2CF9072CF582AB00D4A7EB /* BreakSchedule3UITests */,
				DC2CF8EB2CF582AA00D4A7EB /* Products */,
			);
			sourceTree = "<group>";
		};
		DC2CF8EB2CF582AA00D4A7EB /* Products */ = {
			isa = PBXGroup;
			children = (
				DC2CF8EA2CF582AA00D4A7EB /* BreakSchedule3.app */,
				DC2CF8FA2CF582AB00D4A7EB /* BreakSchedule3Tests.xctest */,
				DC2CF9042CF582AB00D4A7EB /* BreakSchedule3UITests.xctest */,
			);
			name = Products;
			sourceTree = "<group>";
		};
/* End PBXGroup section */

/* Begin PBXNativeTarget section */
		DC2CF8E92CF582AA00D4A7EB /* BreakSchedule3 */ = {
			isa = PBXNativeTarget;
			buildConfigurationList = DC2CF90E2CF582AB00D4A7EB /* Build configuration list for PBXNativeTarget "BreakSchedule3" */;
			buildPhases = (
				DC2CF8E62CF582AA00D4A7EB /* Sources */,
				DC2CF8E72CF582AA00D4A7EB /* Frameworks */,
				DC2CF8E82CF582AA00D4A7EB /* Resources */,
			);
			buildRules = (
			);
			dependencies = (
			);
			fileSystemSynchronizedGroups = (
				DC2CF8EC2CF582AA00D4A7EB /* BreakSchedule3 */,
			);
			name = BreakSchedule3;
			packageProductDependencies = (
			);
			productName = BreakSchedule3;
			productReference = DC2CF8EA2CF582AA00D4A7EB /* BreakSchedule3.app */;
			productType = "com.apple.product-type.application";
		};
		DC2CF8F92CF582AB00D4A7EB /* BreakSchedule3Tests */ = {
			isa = PBXNativeTarget;
			buildConfigurationList = DC2CF9112CF582AB00D4A7EB /* Build configuration list for PBXNativeTarget "BreakSchedule3Tests" */;
			buildPhases = (
				DC2CF8F62CF582AB00D4A7EB /* Sources */,
				DC2CF8F72CF582AB00D4A7EB /* Frameworks */,
				DC2CF8F82CF582AB00D4A7EB /* Resources */,
			);
			buildRules = (
			);
			dependencies = (
				DC2CF8FC2CF582AB00D4A7EB /* PBXTargetDependency */,
			);
			fileSystemSynchronizedGroups = (
				DC2CF8FD2CF582AB00D4A7EB /* BreakSchedule3Tests */,
			);
			name = BreakSchedule3Tests;
			packageProductDependencies = (
			);
			productName = BreakSchedule3Tests;
			productReference = DC2CF8FA2CF582AB00D4A7EB /* BreakSchedule3Tests.xctest */;
			productType = "com.apple.product-type.bundle.unit-test";
		};
		DC2CF9032CF582AB00D4A7EB /* BreakSchedule3UITests */ = {
			isa = PBXNativeTarget;
			buildConfigurationList = DC2CF9142CF582AB00D4A7EB /* Build configuration list for PBXNativeTarget "BreakSchedule3UITests" */;
			buildPhases = (
				DC2CF9002CF582AB00D4A7EB /* Sources */,
				DC2CF9012CF582AB00D4A7EB /* Frameworks */,
				DC2CF9022CF582AB00D4A7EB /* Resources */,
			);
			buildRules = (
			);
			dependencies = (
				DC2CF9062CF582AB00D4A7EB /* PBXTargetDependency */,
			);
			fileSystemSynchronizedGroups = (
				DC2CF9072CF582AB00D4A7EB /* BreakSchedule3UITests */,
			);
			name = BreakSchedule3UITests;
			packageProductDependencies = (
			);
			productName = BreakSchedule3UITests;
			productReference = DC2CF9042CF582AB00D4A7EB /* BreakSchedule3UITests.xctest */;
			productType = "com.apple.product-type.bundle.ui-testing";
		};
/* End PBXNativeTarget section */

/* Begin PBXProject section */
		DC2CF8E22CF582AA00D4A7EB /* Project object */ = {
			isa = PBXProject;
			attributes = {
				BuildIndependentTargetsInParallel = 1;
				LastSwiftUpdateCheck = 1610;
				LastUpgradeCheck = 1610;
				TargetAttributes = {
					DC2CF8E92CF582AA00D4A7EB = {
						CreatedOnToolsVersion = 16.1;
					};
					DC2CF8F92CF582AB00D4A7EB = {
						CreatedOnToolsVersion = 16.1;
						TestTargetID = DC2CF8E92CF582AA00D4A7EB;
					};
					DC2CF9032CF582AB00D4A7EB = {
						CreatedOnToolsVersion = 16.1;
						TestTargetID = DC2CF8E92CF582AA00D4A7EB;
					};
				};
			};
			buildConfigurationList = DC2CF8E52CF582AA00D4A7EB /* Build configuration list for PBXProject "BreakSchedule3" */;
			developmentRegion = en;
			hasScannedForEncodings = 0;
			knownRegions = (
				en,
				Base,
			);
			mainGroup = DC2CF8E12CF582AA00D4A7EB;
			minimizedProjectReferenceProxies = 1;
			preferredProjectObjectVersion = 77;
			productRefGroup = DC2CF8EB2CF582AA00D4A7EB /* Products */;
			projectDirPath = "";
			projectRoot = "";
			targets = (
				DC2CF8E92CF582AA00D4A7EB /* BreakSchedule3 */,
				DC2CF8F92CF582AB00D4A7EB /* BreakSchedule3Tests */,
				DC2CF9032CF582AB00D4A7EB /* BreakSchedule3UITests */,
			);
		};
/* End PBXProject section */

/* Begin PBXResourcesBuildPhase section */
		DC2CF8E82CF582AA00D4A7EB /* Resources */ = {
			isa = PBXResourcesBuildPhase;
			buildActionMask = 2147483647;
			files = (
			);
			runOnlyForDeploymentPostprocessing = 0;
		};
		DC2CF8F82CF582AB00D4A7EB /* Resources */ = {
			isa = PBXResourcesBuildPhase;
			buildActionMask = 2147483647;
			files = (
			);
			runOnlyForDeploymentPostprocessing = 0;
		};
		DC2CF9022CF582AB00D4A7EB /* Resources */ = {
			isa = PBXResourcesBuildPhase;
			buildActionMask = 2147483647;
			files = (
			);
			runOnlyForDeploymentPostprocessing = 0;
		};
/* End PBXResourcesBuildPhase section */

/* Begin PBXSourcesBuildPhase section */
		DC2CF8E62CF582AA00D4A7EB /* Sources */ = {
			isa = PBXSourcesBuildPhase;
			buildActionMask = 2147483647;
			files = (
			);
			runOnlyForDeploymentPostprocessing = 0;
		};
		DC2CF8F62CF582AB00D4A7EB /* Sources */ = {
			isa = PBXSourcesBuildPhase;
			buildActionMask = 2147483647;
			files = (
			);
			runOnlyForDeploymentPostprocessing = 0;
		};
		DC2CF9002CF582AB00D4A7EB /* Sources */ = {
			isa = PBXSourcesBuildPhase;
			buildActionMask = 2147483647;
			files = (
			);
			runOnlyForDeploymentPostprocessing = 0;
		};
/* End PBXSourcesBuildPhase section */

/* Begin PBXTargetDependency section */
		DC2CF8FC2CF582AB00D4A7EB /* PBXTargetDependency */ = {
			isa = PBXTargetDependency;
			target = DC2CF8E92CF582AA00D4A7EB /* BreakSchedule3 */;
			targetProxy = DC2CF8FB2CF582AB00D4A7EB /* PBXContainerItemProxy */;
		};
		DC2CF9062CF582AB00D4A7EB /* PBXTargetDependency */ = {
			isa = PBXTargetDependency;
			target = DC2CF8E92CF582AA00D4A7EB /* BreakSchedule3 */;
			targetProxy = DC2CF9052CF582AB00D4A7EB /* PBXContainerItemProxy */;
		};
/* End PBXTargetDependency section */

/* Begin XCBuildConfiguration section */
		DC2CF90C2CF582AB00D4A7EB /* Debug */ = {
			isa = XCBuildConfiguration;
			buildSettings = {
				ALWAYS_SEARCH_USER_PATHS = NO;
				ASSETCATALOG_COMPILER_GENERATE_SWIFT_ASSET_SYMBOL_EXTENSIONS = YES;
				CLANG_ANALYZER_NONNULL = YES;
				CLANG_ANALYZER_NUMBER_OBJECT_CONVERSION = YES_AGGRESSIVE;
				CLANG_CXX_LANGUAGE_STANDARD = "gnu++20";
				CLANG_ENABLE_MODULES = YES;
				CLANG_ENABLE_OBJC_ARC = YES;
				CLANG_ENABLE_OBJC_WEAK = YES;
				CLANG_WARN_BLOCK_CAPTURE_AUTORELEASING = YES;
				CLANG_WARN_BOOL_CONVERSION = YES;
				CLANG_WARN_COMMA = YES;
				CLANG_WARN_CONSTANT_CONVERSION = YES;
				CLANG_WARN_DEPRECATED_OBJC_IMPLEMENTATIONS = YES;
				CLANG_WARN_DIRECT_OBJC_ISA_USAGE = YES_ERROR;
				CLANG_WARN_DOCUMENTATION_COMMENTS = YES;
				CLANG_WARN_EMPTY_BODY = YES;
				CLANG_WARN_ENUM_CONVERSION = YES;
				CLANG_WARN_INFINITE_RECURSION = YES;
				CLANG_WARN_INT_CONVERSION = YES;
				CLANG_WARN_NON_LITERAL_NULL_CONVERSION = YES;
				CLANG_WARN_OBJC_IMPLICIT_RETAIN_SELF = YES;
				CLANG_WARN_OBJC_LITERAL_CONVERSION = YES;
				CLANG_WARN_OBJC_ROOT_CLASS = YES_ERROR;
				CLANG_WARN_QUOTED_INCLUDE_IN_FRAMEWORK_HEADER = YES;
				CLANG_WARN_RANGE_LOOP_ANALYSIS = YES;
				CLANG_WARN_STRICT_PROTOTYPES = YES;
				CLANG_WARN_SUSPICIOUS_MOVE = YES;
				CLANG_WARN_UNGUARDED_AVAILABILITY = YES_AGGRESSIVE;
				CLANG_WARN_UNREACHABLE_CODE = YES;
				CLANG_WARN__DUPLICATE_METHOD_MATCH = YES;
				COPY_PHASE_STRIP = NO;
				DEBUG_INFORMATION_FORMAT = dwarf;
				ENABLE_STRICT_OBJC_MSGSEND = YES;
				ENABLE_TESTABILITY = YES;
				ENABLE_USER_SCRIPT_SANDBOXING = YES;
				GCC_C_LANGUAGE_STANDARD = gnu17;
				GCC_DYNAMIC_NO_PIC = NO;
				GCC_NO_COMMON_BLOCKS = YES;
				GCC_OPTIMIZATION_LEVEL = 0;
				GCC_PREPROCESSOR_DEFINITIONS = (
					"DEBUG=1",
					"$(inherited)",
				);
				GCC_WARN_64_TO_32_BIT_CONVERSION = YES;
				GCC_WARN_ABOUT_RETURN_TYPE = YES_ERROR;
				GCC_WARN_UNDECLARED_SELECTOR = YES;
				GCC_WARN_UNINITIALIZED_AUTOS = YES_AGGRESSIVE;
				GCC_WARN_UNUSED_FUNCTION = YES;
				GCC_WARN_UNUSED_VARIABLE = YES;
				IPHONEOS_DEPLOYMENT_TARGET = 18.1;
				LOCALIZATION_PREFERS_STRING_CATALOGS = YES;
				MTL_ENABLE_DEBUG_INFO = INCLUDE_SOURCE;
				MTL_FAST_MATH = YES;
				ONLY_ACTIVE_ARCH = YES;
				SDKROOT = iphoneos;
				SWIFT_ACTIVE_COMPILATION_CONDITIONS = "DEBUG $(inherited)";
				SWIFT_OPTIMIZATION_LEVEL = "-Onone";
			};
			name = Debug;
		};
		DC2CF90D2CF582AB00D4A7EB /* Release */ = {
			isa = XCBuildConfiguration;
			buildSettings = {
				ALWAYS_SEARCH_USER_PATHS = NO;
				ASSETCATALOG_COMPILER_GENERATE_SWIFT_ASSET_SYMBOL_EXTENSIONS = YES;
				CLANG_ANALYZER_NONNULL = YES;
				CLANG_ANALYZER_NUMBER_OBJECT_CONVERSION = YES_AGGRESSIVE;
				CLANG_CXX_LANGUAGE_STANDARD = "gnu++20";
				CLANG_ENABLE_MODULES = YES;
				CLANG_ENABLE_OBJC_ARC = YES;
				CLANG_ENABLE_OBJC_WEAK = YES;
				CLANG_WARN_BLOCK_CAPTURE_AUTORELEASING = YES;
				CLANG_WARN_BOOL_CONVERSION = YES;
				CLANG_WARN_COMMA = YES;
				CLANG_WARN_CONSTANT_CONVERSION = YES;
				CLANG_WARN_DEPRECATED_OBJC_IMPLEMENTATIONS = YES;
				CLANG_WARN_DIRECT_OBJC_ISA_USAGE = YES_ERROR;
				CLANG_WARN_DOCUMENTATION_COMMENTS = YES;
				CLANG_WARN_EMPTY_BODY = YES;
				CLANG_WARN_ENUM_CONVERSION = YES;
				CLANG_WARN_INFINITE_RECURSION = YES;
				CLANG_WARN_INT_CONVERSION = YES;
				CLANG_WARN_NON_LITERAL_NULL_CONVERSION = YES;
				CLANG_WARN_OBJC_IMPLICIT_RETAIN_SELF = YES;
				CLANG_WARN_OBJC_LITERAL_CONVERSION = YES;
				CLANG_WARN_OBJC_ROOT_CLASS = YES_ERROR;
				CLANG_WARN_QUOTED_INCLUDE_IN_FRAMEWORK_HEADER = YES;
				CLANG_WARN_RANGE_LOOP_ANALYSIS = YES;
				CLANG_WARN_STRICT_PROTOTYPES = YES;
				CLANG_WARN_SUSPICIOUS_MOVE = YES;
				CLANG_WARN_UNGUARDED_AVAILABILITY = YES_AGGRESSIVE;
				CLANG_WARN_UNREACHABLE_CODE = YES;
				CLANG_WARN__DUPLICATE_METHOD_MATCH = YES;
				COPY_PHASE_STRIP = NO;
				DEBUG_INFORMATION_FORMAT = "dwarf-with-dsym";
				ENABLE_NS_ASSERTIONS = NO;
				ENABLE_STRICT_OBJC_MSGSEND = YES;
				ENABLE_USER_SCRIPT_SANDBOXING = YES;
				GCC_C_LANGUAGE_STANDARD = gnu17;
				GCC_NO_COMMON_BLOCKS = YES;
				GCC_WARN_64_TO_32_BIT_CONVERSION = YES;
				GCC_WARN_ABOUT_RETURN_TYPE = YES_ERROR;
				GCC_WARN_UNDECLARED_SELECTOR = YES;
				GCC_WARN_UNINITIALIZED_AUTOS = YES_AGGRESSIVE;
				GCC_WARN_UNUSED_FUNCTION = YES;
				GCC_WARN_UNUSED_VARIABLE = YES;
				IPHONEOS_DEPLOYMENT_TARGET = 18.1;
				LOCALIZATION_PREFERS_STRING_CATALOGS = YES;
				MTL_ENABLE_DEBUG_INFO = NO;
				MTL_FAST_MATH = YES;
				SDKROOT = iphoneos;
				SWIFT_COMPILATION_MODE = wholemodule;
				VALIDATE_PRODUCT = YES;
			};
			name = Release;
		};
		DC2CF90F2CF582AB00D4A7EB /* Debug */ = {
			isa = XCBuildConfiguration;
			buildSettings = {
				ASSETCATALOG_COMPILER_APPICON_NAME = AppIcon;
				"ASSETCATALOG_COMPILER_APPICON_NAME[sdk=iphoneos*]" = AppIcon;
				ASSETCATALOG_COMPILER_GLOBAL_ACCENT_COLOR_NAME = AccentColor;
				CODE_SIGN_STYLE = Automatic;
				CURRENT_PROJECT_VERSION = 1;
				DEVELOPMENT_ASSET_PATHS = "\"BreakSchedule3/Preview Content\"";
				DEVELOPMENT_TEAM = 2DTM3SZ849;
				ENABLE_PREVIEWS = YES;
				GENERATE_INFOPLIST_FILE = YES;
				INFOPLIST_KEY_CFBundleDisplayName = "Break Schedule";
				INFOPLIST_KEY_LSApplicationCategoryType = "public.app-category.utilities";
				INFOPLIST_KEY_UIApplicationSceneManifest_Generation = YES;
				INFOPLIST_KEY_UIApplicationSupportsIndirectInputEvents = YES;
				INFOPLIST_KEY_UILaunchScreen_Generation = YES;
				INFOPLIST_KEY_UILaunchStoryboardName = "";
				INFOPLIST_KEY_UIStatusBarStyle = "";
				INFOPLIST_KEY_UISupportedInterfaceOrientations_iPad = "UIInterfaceOrientationPortrait UIInterfaceOrientationPortraitUpsideDown UIInterfaceOrientationLandscapeLeft UIInterfaceOrientationLandscapeRight";
				INFOPLIST_KEY_UISupportedInterfaceOrientations_iPhone = "UIInterfaceOrientationPortrait UIInterfaceOrientationLandscapeLeft UIInterfaceOrientationLandscapeRight";
				LD_RUNPATH_SEARCH_PATHS = (
					"$(inherited)",
					"@executable_path/Frameworks",
				);
				MARKETING_VERSION = 1.0.0;
				PRODUCT_BUNDLE_IDENTIFIER = com.ecapirchio.BreakSchedule3.BreakSchedule3;
				PRODUCT_NAME = "$(TARGET_NAME)";
				SWIFT_EMIT_LOC_STRINGS = YES;
				SWIFT_VERSION = 5.0;
				TARGETED_DEVICE_FAMILY = "1,2";
			};
			name = Debug;
		};
		DC2CF9102CF582AB00D4A7EB /* Release */ = {
			isa = XCBuildConfiguration;
			buildSettings = {
				ASSETCATALOG_COMPILER_APPICON_NAME = AppIcon;
				"ASSETCATALOG_COMPILER_APPICON_NAME[sdk=iphoneos*]" = AppIcon;
				ASSETCATALOG_COMPILER_GLOBAL_ACCENT_COLOR_NAME = AccentColor;
				CODE_SIGN_STYLE = Automatic;
				CURRENT_PROJECT_VERSION = 1;
				DEVELOPMENT_ASSET_PATHS = "\"BreakSchedule3/Preview Content\"";
				DEVELOPMENT_TEAM = 2DTM3SZ849;
				ENABLE_PREVIEWS = YES;
				GENERATE_INFOPLIST_FILE = YES;
				INFOPLIST_KEY_CFBundleDisplayName = "Break Schedule";
				INFOPLIST_KEY_LSApplicationCategoryType = "public.app-category.utilities";
				INFOPLIST_KEY_UIApplicationSceneManifest_Generation = YES;
				INFOPLIST_KEY_UIApplicationSupportsIndirectInputEvents = YES;
				INFOPLIST_KEY_UILaunchScreen_Generation = YES;
				INFOPLIST_KEY_UILaunchStoryboardName = "";
				INFOPLIST_KEY_UIStatusBarStyle = "";
				INFOPLIST_KEY_UISupportedInterfaceOrientations_iPad = "UIInterfaceOrientationPortrait UIInterfaceOrientationPortraitUpsideDown UIInterfaceOrientationLandscapeLeft UIInterfaceOrientationLandscapeRight";
				INFOPLIST_KEY_UISupportedInterfaceOrientations_iPhone = "UIInterfaceOrientationPortrait UIInterfaceOrientationLandscapeLeft UIInterfaceOrientationLandscapeRight";
				LD_RUNPATH_SEARCH_PATHS = (
					"$(inherited)",
					"@executable_path/Frameworks",
				);
				MARKETING_VERSION = 1.0.0;
				PRODUCT_BUNDLE_IDENTIFIER = com.ecapirchio.BreakSchedule3.BreakSchedule3;
				PRODUCT_NAME = "$(TARGET_NAME)";
				SWIFT_EMIT_LOC_STRINGS = YES;
				SWIFT_VERSION = 5.0;
				TARGETED_DEVICE_FAMILY = "1,2";
			};
			name = Release;
		};
		DC2CF9122CF582AB00D4A7EB /* Debug */ = {
			isa = XCBuildConfiguration;
			buildSettings = {
				BUNDLE_LOADER = "$(TEST_HOST)";
				CODE_SIGN_STYLE = Automatic;
				CURRENT_PROJECT_VERSION = 1;
				DEVELOPMENT_TEAM = 2DTM3SZ849;
				GENERATE_INFOPLIST_FILE = YES;
				IPHONEOS_DEPLOYMENT_TARGET = 18.1;
				MARKETING_VERSION = 1.0;
				PRODUCT_BUNDLE_IDENTIFIER = com.ecapirchio.BreakSchedule3.BreakSchedule3Tests;
				PRODUCT_NAME = "$(TARGET_NAME)";
				SWIFT_EMIT_LOC_STRINGS = NO;
				SWIFT_VERSION = 5.0;
				TARGETED_DEVICE_FAMILY = "1,2";
				TEST_HOST = "$(BUILT_PRODUCTS_DIR)/BreakSchedule3.app/$(BUNDLE_EXECUTABLE_FOLDER_PATH)/BreakSchedule3";
			};
			name = Debug;
		};
		DC2CF9132CF582AB00D4A7EB /* Release */ = {
			isa = XCBuildConfiguration;
			buildSettings = {
				BUNDLE_LOADER = "$(TEST_HOST)";
				CODE_SIGN_STYLE = Automatic;
				CURRENT_PROJECT_VERSION = 1;
				DEVELOPMENT_TEAM = 2DTM3SZ849;
				GENERATE_INFOPLIST_FILE = YES;
				IPHONEOS_DEPLOYMENT_TARGET = 18.1;
				MARKETING_VERSION = 1.0;
				PRODUCT_BUNDLE_IDENTIFIER = com.ecapirchio.BreakSchedule3.BreakSchedule3Tests;
				PRODUCT_NAME = "$(TARGET_NAME)";
				SWIFT_EMIT_LOC_STRINGS = NO;
				SWIFT_VERSION = 5.0;
				TARGETED_DEVICE_FAMILY = "1,2";
				TEST_HOST = "$(BUILT_PRODUCTS_DIR)/BreakSchedule3.app/$(BUNDLE_EXECUTABLE_FOLDER_PATH)/BreakSchedule3";
			};
			name = Release;
		};
		DC2CF9152CF582AB00D4A7EB /* Debug */ = {
			isa = XCBuildConfiguration;
			buildSettings = {
				CODE_SIGN_STYLE = Automatic;
				CURRENT_PROJECT_VERSION = 1;
				DEVELOPMENT_TEAM = 2DTM3SZ849;
				GENERATE_INFOPLIST_FILE = YES;
				MARKETING_VERSION = 1.0;
				PRODUCT_BUNDLE_IDENTIFIER = com.ecapirchio.BreakSchedule3.BreakSchedule3UITests;
				PRODUCT_NAME = "$(TARGET_NAME)";
				SWIFT_EMIT_LOC_STRINGS = NO;
				SWIFT_VERSION = 5.0;
				TARGETED_DEVICE_FAMILY = "1,2";
				TEST_TARGET_NAME = BreakSchedule3;
			};
			name = Debug;
		};
		DC2CF9162CF582AB00D4A7EB /* Release */ = {
			isa = XCBuildConfiguration;
			buildSettings = {
				CODE_SIGN_STYLE = Automatic;
				CURRENT_PROJECT_VERSION = 1;
				DEVELOPMENT_TEAM = 2DTM3SZ849;
				GENERATE_INFOPLIST_FILE = YES;
				MARKETING_VERSION = 1.0;
				PRODUCT_BUNDLE_IDENTIFIER = com.ecapirchio.BreakSchedule3.BreakSchedule3UITests;
				PRODUCT_NAME = "$(TARGET_NAME)";
				SWIFT_EMIT_LOC_STRINGS = NO;
				SWIFT_VERSION = 5.0;
				TARGETED_DEVICE_FAMILY = "1,2";
				TEST_TARGET_NAME = BreakSchedule3;
			};
			name = Release;
		};
/* End XCBuildConfiguration section */

/* Begin XCConfigurationList section */
		DC2CF8E52CF582AA00D4A7EB /* Build configuration list for PBXProject "BreakSchedule3" */ = {
			isa = XCConfigurationList;
			buildConfigurations = (
				DC2CF90C2CF582AB00D4A7EB /* Debug */,
				DC2CF90D2CF582AB00D4A7EB /* Release */,
			);
			defaultConfigurationIsVisible = 0;
			defaultConfigurationName = Release;
		};
		DC2CF90E2CF582AB00D4A7EB /* Build configuration list for PBXNativeTarget "BreakSchedule3" */ = {
			isa = XCConfigurationList;
			buildConfigurations = (
				DC2CF90F2CF582AB00D4A7EB /* Debug */,
				DC2CF9102CF582AB00D4A7EB /* Release */,
			);
			defaultConfigurationIsVisible = 0;
			defaultConfigurationName = Release;
		};
		DC2CF9112CF582AB00D4A7EB /* Build configuration list for PBXNativeTarget "BreakSchedule3Tests" */ = {
			isa = XCConfigurationList;
			buildConfigurations = (
				DC2CF9122CF582AB00D4A7EB /* Debug */,
				DC2CF9132CF582AB00D4A7EB /* Release */,
			);
			defaultConfigurationIsVisible = 0;
			defaultConfigurationName = Release;
		};
		DC2CF9142CF582AB00D4A7EB /* Build configuration list for PBXNativeTarget "BreakSchedule3UITests" */ = {
			isa = XCConfigurationList;
			buildConfigurations = (
				DC2CF9152CF582AB00D4A7EB /* Debug */,
				DC2CF9162CF582AB00D4A7EB /* Release */,
			);
			defaultConfigurationIsVisible = 0;
			defaultConfigurationName = Release;
		};
/* End XCConfigurationList section */
	};
	rootObject = DC2CF8E22CF582AA00D4A7EB /* Project object */;
}
